
Microsoft Visual Studio Solution File, Format Version 12.00
# Visual Studio Version 17
VisualStudioVersion = 17.13.36105.23
MinimumVisualStudioVersion = 10.0.40219.1
Project("{FAE04EC0-301F-11D3-BF4B-00C04F79EFBC}") = "Adaptive.Intelligence.Shared", "..\..\..\Framework\Shared Code Library\Adaptive.Intelligence.Shared\Adaptive.Intelligence.Shared.csproj", "{2F5DDFCB-ECB8-841C-80AA-B21D6F041834}"
EndProject
Project("{FAE04EC0-301F-11D3-BF4B-00C04F79EFBC}") = "Adaptive.Intelligence.Shared.UI", "..\..\..\Framework\Shared UI Code Library\Adaptive.Intelligence.Shared.UI\Adaptive.Intelligence.Shared.UI.csproj", "{03F5AE7B-AB13-3461-9DEE-33A43FFD1949}"
EndProject
Project("{FAE04EC0-301F-11D3-BF4B-00C04F79EFBC}") = "Adaptive.Data.Vault.DataAccess", "Adaptive.Data.Vault.DataAccess\Adaptive.Data.Vault.DataAccess.csproj", "{AD9E860B-1B09-4DC2-8238-86F3ED063AD5}"
EndProject
Project("{FAE04EC0-301F-11D3-BF4B-00C04F79EFBC}") = "Adaptive.Data.Vault", "Adaptive.Data.Vault\Adaptive.Data.Vault.csproj", "{AAE7C392-D384-47A3-90E2-96882777899C}"
EndProject
Project("{FAE04EC0-301F-11D3-BF4B-00C04F79EFBC}") = "Adaptive.Data.Vault.UI", "Adaptive.Data.Vault.UI\Adaptive.Data.Vault.UI.csproj", "{342B7E38-8082-49B2-B718-F5C667E94034}"
EndProject
Project("{FAE04EC0-301F-11D3-BF4B-00C04F79EFBC}") = "Adaptive Data Vault WinForms Application", "Adaptive Data Vault WinForms Application\Adaptive Data Vault WinForms Application.csproj", "{84835724-FDB9-4EE3-8219-5F1DC8985032}"
EndProject
Project("{FAE04EC0-301F-11D3-BF4B-00C04F79EFBC}") = "Adaptive.Data.Vault.Tests", "Adaptive.Data.Vault.Tests\Adaptive.Data.Vault.Tests.csproj", "{8A988539-FEC2-49B9-987F-9502DB0484B5}"
EndProject
Project("{FAE04EC0-301F-11D3-BF4B-00C04F79EFBC}") = "Adaptive.Data.Vault.DataAccess.Tests", "Adaptive.Data.Vault.DataAccess.Tests\Adaptive.Data.Vault.DataAccess.Tests.csproj", "{9F331D89-6688-436A-8D42-07B1F72E17B5}"
EndProject
Project("{54435603-DBB4-11D2-8724-00A0C9A8B90C}") = "Adaptive Data Vault Installer", "Adaptive Data Vault Install\Adaptive Data Vault Installer\Adaptive Data Vault Installer.vdproj", "{F2ADB3FE-AF04-E61B-71C2-5F629B3A6A2B}"
EndProject
Global
	GlobalSection(SolutionConfigurationPlatforms) = preSolution
		Debug|Any CPU = Debug|Any CPU
		Debug|x64 = Debug|x64
		Release|Any CPU = Release|Any CPU
		Release|x64 = Release|x64
	EndGlobalSection
	GlobalSection(ProjectConfigurationPlatforms) = postSolution
		{2F5DDFCB-ECB8-841C-80AA-B21D6F041834}.Debug|Any CPU.ActiveCfg = Debug|Any CPU
		{2F5DDFCB-ECB8-841C-80AA-B21D6F041834}.Debug|Any CPU.Build.0 = Debug|Any CPU
		{2F5DDFCB-ECB8-841C-80AA-B21D6F041834}.Debug|x64.ActiveCfg = Debug|x64
		{2F5DDFCB-ECB8-841C-80AA-B21D6F041834}.Debug|x64.Build.0 = Debug|x64
		{2F5DDFCB-ECB8-841C-80AA-B21D6F041834}.Release|Any CPU.ActiveCfg = Release|Any CPU
		{2F5DDFCB-ECB8-841C-80AA-B21D6F041834}.Release|Any CPU.Build.0 = Release|Any CPU
		{2F5DDFCB-ECB8-841C-80AA-B21D6F041834}.Release|x64.ActiveCfg = Release|x64
		{2F5DDFCB-ECB8-841C-80AA-B21D6F041834}.Release|x64.Build.0 = Release|x64
		{03F5AE7B-AB13-3461-9DEE-33A43FFD1949}.Debug|Any CPU.ActiveCfg = Debug|Any CPU
		{03F5AE7B-AB13-3461-9DEE-33A43FFD1949}.Debug|Any CPU.Build.0 = Debug|Any CPU
		{03F5AE7B-AB13-3461-9DEE-33A43FFD1949}.Debug|x64.ActiveCfg = Debug|x64
		{03F5AE7B-AB13-3461-9DEE-33A43FFD1949}.Debug|x64.Build.0 = Debug|x64
		{03F5AE7B-AB13-3461-9DEE-33A43FFD1949}.Release|Any CPU.ActiveCfg = Release|Any CPU
		{03F5AE7B-AB13-3461-9DEE-33A43FFD1949}.Release|Any CPU.Build.0 = Release|Any CPU
		{03F5AE7B-AB13-3461-9DEE-33A43FFD1949}.Release|x64.ActiveCfg = Release|x64
		{03F5AE7B-AB13-3461-9DEE-33A43FFD1949}.Release|x64.Build.0 = Release|x64
		{AD9E860B-1B09-4DC2-8238-86F3ED063AD5}.Debug|Any CPU.ActiveCfg = Debug|Any CPU
		{AD9E860B-1B09-4DC2-8238-86F3ED063AD5}.Debug|Any CPU.Build.0 = Debug|Any CPU
		{AD9E860B-1B09-4DC2-8238-86F3ED063AD5}.Debug|x64.ActiveCfg = Debug|Any CPU
		{AD9E860B-1B09-4DC2-8238-86F3ED063AD5}.Debug|x64.Build.0 = Debug|Any CPU
		{AD9E860B-1B09-4DC2-8238-86F3ED063AD5}.Release|Any CPU.ActiveCfg = Release|Any CPU
		{AD9E860B-1B09-4DC2-8238-86F3ED063AD5}.Release|Any CPU.Build.0 = Release|Any CPU
		{AD9E860B-1B09-4DC2-8238-86F3ED063AD5}.Release|x64.ActiveCfg = Release|Any CPU
		{AD9E860B-1B09-4DC2-8238-86F3ED063AD5}.Release|x64.Build.0 = Release|Any CPU
		{AAE7C392-D384-47A3-90E2-96882777899C}.Debug|Any CPU.ActiveCfg = Debug|Any CPU
		{AAE7C392-D384-47A3-90E2-96882777899C}.Debug|Any CPU.Build.0 = Debug|Any CPU
		{AAE7C392-D384-47A3-90E2-96882777899C}.Debug|x64.ActiveCfg = Debug|Any CPU
		{AAE7C392-D384-47A3-90E2-96882777899C}.Debug|x64.Build.0 = Debug|Any CPU
		{AAE7C392-D384-47A3-90E2-96882777899C}.Release|Any CPU.ActiveCfg = Release|Any CPU
		{AAE7C392-D384-47A3-90E2-96882777899C}.Release|Any CPU.Build.0 = Release|Any CPU
		{AAE7C392-D384-47A3-90E2-96882777899C}.Release|x64.ActiveCfg = Release|Any CPU
		{AAE7C392-D384-47A3-90E2-96882777899C}.Release|x64.Build.0 = Release|Any CPU
		{342B7E38-8082-49B2-B718-F5C667E94034}.Debug|Any CPU.ActiveCfg = Debug|Any CPU
		{342B7E38-8082-49B2-B718-F5C667E94034}.Debug|Any CPU.Build.0 = Debug|Any CPU
		{342B7E38-8082-49B2-B718-F5C667E94034}.Debug|x64.ActiveCfg = Debug|Any CPU
		{342B7E38-8082-49B2-B718-F5C667E94034}.Debug|x64.Build.0 = Debug|Any CPU
		{342B7E38-8082-49B2-B718-F5C667E94034}.Release|Any CPU.ActiveCfg = Release|Any CPU
		{342B7E38-8082-49B2-B718-F5C667E94034}.Release|Any CPU.Build.0 = Release|Any CPU
		{342B7E38-8082-49B2-B718-F5C667E94034}.Release|x64.ActiveCfg = Release|Any CPU
		{342B7E38-8082-49B2-B718-F5C667E94034}.Release|x64.Build.0 = Release|Any CPU
		{84835724-FDB9-4EE3-8219-5F1DC8985032}.Debug|Any CPU.ActiveCfg = Debug|Any CPU
		{84835724-FDB9-4EE3-8219-5F1DC8985032}.Debug|Any CPU.Build.0 = Debug|Any CPU
		{84835724-FDB9-4EE3-8219-5F1DC8985032}.Debug|x64.ActiveCfg = Debug|Any CPU
		{84835724-FDB9-4EE3-8219-5F1DC8985032}.Debug|x64.Build.0 = Debug|Any CPU
		{84835724-FDB9-4EE3-8219-5F1DC8985032}.Release|Any CPU.ActiveCfg = Release|Any CPU
		{84835724-FDB9-4EE3-8219-5F1DC8985032}.Release|Any CPU.Build.0 = Release|Any CPU
		{84835724-FDB9-4EE3-8219-5F1DC8985032}.Release|x64.ActiveCfg = Release|Any CPU
		{84835724-FDB9-4EE3-8219-5F1DC8985032}.Release|x64.Build.0 = Release|Any CPU
		{8A988539-FEC2-49B9-987F-9502DB0484B5}.Debug|Any CPU.ActiveCfg = Debug|Any CPU
		{8A988539-FEC2-49B9-987F-9502DB0484B5}.Debug|Any CPU.Build.0 = Debug|Any CPU
		{8A988539-FEC2-49B9-987F-9502DB0484B5}.Debug|x64.ActiveCfg = Debug|Any CPU
		{8A988539-FEC2-49B9-987F-9502DB0484B5}.Debug|x64.Build.0 = Debug|Any CPU
		{8A988539-FEC2-49B9-987F-9502DB0484B5}.Release|Any CPU.ActiveCfg = Release|Any CPU
		{8A988539-FEC2-49B9-987F-9502DB0484B5}.Release|Any CPU.Build.0 = Release|Any CPU
		{8A988539-FEC2-49B9-987F-9502DB0484B5}.Release|x64.ActiveCfg = Release|Any CPU
		{8A988539-FEC2-49B9-987F-9502DB0484B5}.Release|x64.Build.0 = Release|Any CPU
		{9F331D89-6688-436A-8D42-07B1F72E17B5}.Debug|Any CPU.ActiveCfg = Debug|Any CPU
		{9F331D89-6688-436A-8D42-07B1F72E17B5}.Debug|Any CPU.Build.0 = Debug|Any CPU
		{9F331D89-6688-436A-8D42-07B1F72E17B5}.Debug|x64.ActiveCfg = Debug|Any CPU
		{9F331D89-6688-436A-8D42-07B1F72E17B5}.Debug|x64.Build.0 = Debug|Any CPU
		{9F331D89-6688-436A-8D42-07B1F72E17B5}.Release|Any CPU.ActiveCfg = Release|Any CPU
		{9F331D89-6688-436A-8D42-07B1F72E17B5}.Release|Any CPU.Build.0 = Release|Any CPU
		{9F331D89-6688-436A-8D42-07B1F72E17B5}.Release|x64.ActiveCfg = Release|Any CPU
		{9F331D89-6688-436A-8D42-07B1F72E17B5}.Release|x64.Build.0 = Release|Any CPU
		{F2ADB3FE-AF04-E61B-71C2-5F629B3A6A2B}.Debug|Any CPU.ActiveCfg = Debug
		{F2ADB3FE-AF04-E61B-71C2-5F629B3A6A2B}.Debug|x64.ActiveCfg = Debug
		{F2ADB3FE-AF04-E61B-71C2-5F629B3A6A2B}.Release|Any CPU.ActiveCfg = Release
		{F2ADB3FE-AF04-E61B-71C2-5F629B3A6A2B}.Release|x64.ActiveCfg = Release
	EndGlobalSection
	GlobalSection(SolutionProperties) = preSolution
		HideSolutionNode = FALSE
	EndGlobalSection
	GlobalSection(ExtensibilityGlobals) = postSolution
		SolutionGuid = {601D9A66-1D97-4DF3-BF09-983D90FF755B}
	EndGlobalSection
EndGlobal
