
Microsoft Visual Studio Solution File, Format Version 12.00
# Visual Studio Version 18
VisualStudioVersion = 18.3.11512.155
MinimumVisualStudioVersion = 10.0.40219.1
Project("{FAE04EC0-301F-11D3-BF4B-00C04F79EFBC}") = "Adaptive.Data.Vault.DataAccess", "Adaptive.Data.Vault.DataAccess\Adaptive.Data.Vault.DataAccess.csproj", "{AD9E860B-1B09-4DC2-8238-86F3ED063AD5}"
EndProject
Project("{FAE04EC0-301F-11D3-BF4B-00C04F79EFBC}") = "Adaptive.Data.Vault", "Adaptive.Data.Vault\Adaptive.Data.Vault.csproj", "{AAE7C392-D384-47A3-90E2-96882777899C}"
EndProject
Project("{FAE04EC0-301F-11D3-BF4B-00C04F79EFBC}") = "Adaptive.Data.Vault.UI", "Adaptive.Data.Vault.UI\Adaptive.Data.Vault.UI.csproj", "{342B7E38-8082-49B2-B718-F5C667E94034}"
EndProject
Project("{FAE04EC0-301F-11D3-BF4B-00C04F79EFBC}") = "Adaptive.Data.Vault.WinForms.Application", "Adaptive Data Vault WinForms Application\Adaptive.Data.Vault.WinForms.Application.csproj", "{84835724-FDB9-4EE3-8219-5F1DC8985032}"
EndProject
Project("{FAE04EC0-301F-11D3-BF4B-00C04F79EFBC}") = "Adaptive.Data.Vault.Tests", "Adaptive.Data.Vault.Tests\Adaptive.Data.Vault.Tests.csproj", "{8A988539-FEC2-49B9-987F-9502DB0484B5}"
EndProject
Project("{FAE04EC0-301F-11D3-BF4B-00C04F79EFBC}") = "Adaptive.Data.Vault.DataAccess.Tests", "Adaptive.Data.Vault.DataAccess.Tests\Adaptive.Data.Vault.DataAccess.Tests.csproj", "{9F331D89-6688-436A-8D42-07B1F72E17B5}"
EndProject
Project("{FAE04EC0-301F-11D3-BF4B-00C04F79EFBC}") = "Adaptive.Intelligence.Shared", "..\..\..\Framework\Shared Code Library\Adaptive.Intelligence.Shared\Adaptive.Intelligence.Shared.csproj", "{2F5DDFCB-ECB8-841C-80AA-B21D6F041834}"
EndProject
Project("{FAE04EC0-301F-11D3-BF4B-00C04F79EFBC}") = "Adaptive.Intelligence.Shared.UI", "..\..\..\Framework\Shared UI Code Library\Adaptive.Intelligence.Shared.UI\Adaptive.Intelligence.Shared.UI.csproj", "{03F5AE7B-AB13-3461-9DEE-33A43FFD1949}"
EndProject
Project("{FAE04EC0-301F-11D3-BF4B-00C04F79EFBC}") = "Adaptive.Intelligence.Shared.UI.TemplatedCommon", "..\..\..\Framework\Shared UI Code Library\Adaptive.Intelligence.Shared.UI.TemplatedCommon\Adaptive.Intelligence.Shared.UI.TemplatedCommon.csproj", "{7E3BF92C-4C59-88E3-B0D8-1171B9C82C0A}"
EndProject
Project("{FAE04EC0-301F-11D3-BF4B-00C04F79EFBC}") = "Adaptive.Intelligence.Shared.UI.TemplatedControls", "..\..\..\Framework\Shared UI Code Library\Adaptive.Intelligence.Shared.UI.TemplatedControls\Adaptive.Intelligence.Shared.UI.TemplatedControls.csproj", "{48FC89A6-0BC9-DA10-764A-1E71D5176FDE}"
EndProject
Project("{C7167F0D-BC9F-4E6E-AFE1-012C56B48DB5}") = "Installer", "Installer\Installer.wapproj", "{769C811A-72DD-4E6A-895B-B515A71A6542}"
EndProject
Global
	GlobalSection(SolutionConfigurationPlatforms) = preSolution
		Debug|Any CPU = Debug|Any CPU
		Debug|ARM = Debug|ARM
		Debug|ARM64 = Debug|ARM64
		Debug|x64 = Debug|x64
		Debug|x86 = Debug|x86
		Release|Any CPU = Release|Any CPU
		Release|ARM = Release|ARM
		Release|ARM64 = Release|ARM64
		Release|x64 = Release|x64
		Release|x86 = Release|x86
	EndGlobalSection
	GlobalSection(ProjectConfigurationPlatforms) = postSolution
		{AD9E860B-1B09-4DC2-8238-86F3ED063AD5}.Debug|Any CPU.ActiveCfg = Debug|Any CPU
		{AD9E860B-1B09-4DC2-8238-86F3ED063AD5}.Debug|Any CPU.Build.0 = Debug|Any CPU
		{AD9E860B-1B09-4DC2-8238-86F3ED063AD5}.Debug|ARM.ActiveCfg = Debug|Any CPU
		{AD9E860B-1B09-4DC2-8238-86F3ED063AD5}.Debug|ARM.Build.0 = Debug|Any CPU
		{AD9E860B-1B09-4DC2-8238-86F3ED063AD5}.Debug|ARM64.ActiveCfg = Debug|Any CPU
		{AD9E860B-1B09-4DC2-8238-86F3ED063AD5}.Debug|ARM64.Build.0 = Debug|Any CPU
		{AD9E860B-1B09-4DC2-8238-86F3ED063AD5}.Debug|x64.ActiveCfg = Debug|x64
		{AD9E860B-1B09-4DC2-8238-86F3ED063AD5}.Debug|x64.Build.0 = Debug|x64
		{AD9E860B-1B09-4DC2-8238-86F3ED063AD5}.Debug|x86.ActiveCfg = Debug|Any CPU
		{AD9E860B-1B09-4DC2-8238-86F3ED063AD5}.Debug|x86.Build.0 = Debug|Any CPU
		{AD9E860B-1B09-4DC2-8238-86F3ED063AD5}.Release|Any CPU.ActiveCfg = Release|Any CPU
		{AD9E860B-1B09-4DC2-8238-86F3ED063AD5}.Release|Any CPU.Build.0 = Release|Any CPU
		{AD9E860B-1B09-4DC2-8238-86F3ED063AD5}.Release|ARM.ActiveCfg = Release|Any CPU
		{AD9E860B-1B09-4DC2-8238-86F3ED063AD5}.Release|ARM.Build.0 = Release|Any CPU
		{AD9E860B-1B09-4DC2-8238-86F3ED063AD5}.Release|ARM64.ActiveCfg = Release|Any CPU
		{AD9E860B-1B09-4DC2-8238-86F3ED063AD5}.Release|ARM64.Build.0 = Release|Any CPU
		{AD9E860B-1B09-4DC2-8238-86F3ED063AD5}.Release|x64.ActiveCfg = Release|x64
		{AD9E860B-1B09-4DC2-8238-86F3ED063AD5}.Release|x64.Build.0 = Release|x64
		{AD9E860B-1B09-4DC2-8238-86F3ED063AD5}.Release|x86.ActiveCfg = Release|Any CPU
		{AD9E860B-1B09-4DC2-8238-86F3ED063AD5}.Release|x86.Build.0 = Release|Any CPU
		{AAE7C392-D384-47A3-90E2-96882777899C}.Debug|Any CPU.ActiveCfg = Debug|Any CPU
		{AAE7C392-D384-47A3-90E2-96882777899C}.Debug|Any CPU.Build.0 = Debug|Any CPU
		{AAE7C392-D384-47A3-90E2-96882777899C}.Debug|ARM.ActiveCfg = Debug|Any CPU
		{AAE7C392-D384-47A3-90E2-96882777899C}.Debug|ARM.Build.0 = Debug|Any CPU
		{AAE7C392-D384-47A3-90E2-96882777899C}.Debug|ARM64.ActiveCfg = Debug|Any CPU
		{AAE7C392-D384-47A3-90E2-96882777899C}.Debug|ARM64.Build.0 = Debug|Any CPU
		{AAE7C392-D384-47A3-90E2-96882777899C}.Debug|x64.ActiveCfg = Debug|x64
		{AAE7C392-D384-47A3-90E2-96882777899C}.Debug|x64.Build.0 = Debug|x64
		{AAE7C392-D384-47A3-90E2-96882777899C}.Debug|x86.ActiveCfg = Debug|Any CPU
		{AAE7C392-D384-47A3-90E2-96882777899C}.Debug|x86.Build.0 = Debug|Any CPU
		{AAE7C392-D384-47A3-90E2-96882777899C}.Release|Any CPU.ActiveCfg = Release|Any CPU
		{AAE7C392-D384-47A3-90E2-96882777899C}.Release|Any CPU.Build.0 = Release|Any CPU
		{AAE7C392-D384-47A3-90E2-96882777899C}.Release|ARM.ActiveCfg = Release|Any CPU
		{AAE7C392-D384-47A3-90E2-96882777899C}.Release|ARM.Build.0 = Release|Any CPU
		{AAE7C392-D384-47A3-90E2-96882777899C}.Release|ARM64.ActiveCfg = Release|Any CPU
		{AAE7C392-D384-47A3-90E2-96882777899C}.Release|ARM64.Build.0 = Release|Any CPU
		{AAE7C392-D384-47A3-90E2-96882777899C}.Release|x64.ActiveCfg = Release|x64
		{AAE7C392-D384-47A3-90E2-96882777899C}.Release|x64.Build.0 = Release|x64
		{AAE7C392-D384-47A3-90E2-96882777899C}.Release|x86.ActiveCfg = Release|Any CPU
		{AAE7C392-D384-47A3-90E2-96882777899C}.Release|x86.Build.0 = Release|Any CPU
		{342B7E38-8082-49B2-B718-F5C667E94034}.Debug|Any CPU.ActiveCfg = Debug|Any CPU
		{342B7E38-8082-49B2-B718-F5C667E94034}.Debug|Any CPU.Build.0 = Debug|Any CPU
		{342B7E38-8082-49B2-B718-F5C667E94034}.Debug|ARM.ActiveCfg = Debug|Any CPU
		{342B7E38-8082-49B2-B718-F5C667E94034}.Debug|ARM.Build.0 = Debug|Any CPU
		{342B7E38-8082-49B2-B718-F5C667E94034}.Debug|ARM64.ActiveCfg = Debug|Any CPU
		{342B7E38-8082-49B2-B718-F5C667E94034}.Debug|ARM64.Build.0 = Debug|Any CPU
		{342B7E38-8082-49B2-B718-F5C667E94034}.Debug|x64.ActiveCfg = Debug|x64
		{342B7E38-8082-49B2-B718-F5C667E94034}.Debug|x64.Build.0 = Debug|x64
		{342B7E38-8082-49B2-B718-F5C667E94034}.Debug|x86.ActiveCfg = Debug|Any CPU
		{342B7E38-8082-49B2-B718-F5C667E94034}.Debug|x86.Build.0 = Debug|Any CPU
		{342B7E38-8082-49B2-B718-F5C667E94034}.Release|Any CPU.ActiveCfg = Release|Any CPU
		{342B7E38-8082-49B2-B718-F5C667E94034}.Release|Any CPU.Build.0 = Release|Any CPU
		{342B7E38-8082-49B2-B718-F5C667E94034}.Release|ARM.ActiveCfg = Release|Any CPU
		{342B7E38-8082-49B2-B718-F5C667E94034}.Release|ARM.Build.0 = Release|Any CPU
		{342B7E38-8082-49B2-B718-F5C667E94034}.Release|ARM64.ActiveCfg = Release|Any CPU
		{342B7E38-8082-49B2-B718-F5C667E94034}.Release|ARM64.Build.0 = Release|Any CPU
		{342B7E38-8082-49B2-B718-F5C667E94034}.Release|x64.ActiveCfg = Release|x64
		{342B7E38-8082-49B2-B718-F5C667E94034}.Release|x64.Build.0 = Release|x64
		{342B7E38-8082-49B2-B718-F5C667E94034}.Release|x86.ActiveCfg = Release|Any CPU
		{342B7E38-8082-49B2-B718-F5C667E94034}.Release|x86.Build.0 = Release|Any CPU
		{84835724-FDB9-4EE3-8219-5F1DC8985032}.Debug|Any CPU.ActiveCfg = Debug|Any CPU
		{84835724-FDB9-4EE3-8219-5F1DC8985032}.Debug|Any CPU.Build.0 = Debug|Any CPU
		{84835724-FDB9-4EE3-8219-5F1DC8985032}.Debug|ARM.ActiveCfg = Debug|Any CPU
		{84835724-FDB9-4EE3-8219-5F1DC8985032}.Debug|ARM.Build.0 = Debug|Any CPU
		{84835724-FDB9-4EE3-8219-5F1DC8985032}.Debug|ARM64.ActiveCfg = Debug|Any CPU
		{84835724-FDB9-4EE3-8219-5F1DC8985032}.Debug|ARM64.Build.0 = Debug|Any CPU
		{84835724-FDB9-4EE3-8219-5F1DC8985032}.Debug|x64.ActiveCfg = Debug|x64
		{84835724-FDB9-4EE3-8219-5F1DC8985032}.Debug|x64.Build.0 = Debug|x64
		{84835724-FDB9-4EE3-8219-5F1DC8985032}.Debug|x86.ActiveCfg = Debug|Any CPU
		{84835724-FDB9-4EE3-8219-5F1DC8985032}.Debug|x86.Build.0 = Debug|Any CPU
		{84835724-FDB9-4EE3-8219-5F1DC8985032}.Release|Any CPU.ActiveCfg = Release|Any CPU
		{84835724-FDB9-4EE3-8219-5F1DC8985032}.Release|Any CPU.Build.0 = Release|Any CPU
		{84835724-FDB9-4EE3-8219-5F1DC8985032}.Release|ARM.ActiveCfg = Release|Any CPU
		{84835724-FDB9-4EE3-8219-5F1DC8985032}.Release|ARM.Build.0 = Release|Any CPU
		{84835724-FDB9-4EE3-8219-5F1DC8985032}.Release|ARM64.ActiveCfg = Release|Any CPU
		{84835724-FDB9-4EE3-8219-5F1DC8985032}.Release|ARM64.Build.0 = Release|Any CPU
		{84835724-FDB9-4EE3-8219-5F1DC8985032}.Release|x64.ActiveCfg = Release|x64
		{84835724-FDB9-4EE3-8219-5F1DC8985032}.Release|x64.Build.0 = Release|x64
		{84835724-FDB9-4EE3-8219-5F1DC8985032}.Release|x86.ActiveCfg = Release|Any CPU
		{84835724-FDB9-4EE3-8219-5F1DC8985032}.Release|x86.Build.0 = Release|Any CPU
		{8A988539-FEC2-49B9-987F-9502DB0484B5}.Debug|Any CPU.ActiveCfg = Debug|Any CPU
		{8A988539-FEC2-49B9-987F-9502DB0484B5}.Debug|Any CPU.Build.0 = Debug|Any CPU
		{8A988539-FEC2-49B9-987F-9502DB0484B5}.Debug|ARM.ActiveCfg = Debug|Any CPU
		{8A988539-FEC2-49B9-987F-9502DB0484B5}.Debug|ARM.Build.0 = Debug|Any CPU
		{8A988539-FEC2-49B9-987F-9502DB0484B5}.Debug|ARM64.ActiveCfg = Debug|Any CPU
		{8A988539-FEC2-49B9-987F-9502DB0484B5}.Debug|ARM64.Build.0 = Debug|Any CPU
		{8A988539-FEC2-49B9-987F-9502DB0484B5}.Debug|x64.ActiveCfg = Debug|x64
		{8A988539-FEC2-49B9-987F-9502DB0484B5}.Debug|x64.Build.0 = Debug|x64
		{8A988539-FEC2-49B9-987F-9502DB0484B5}.Debug|x86.ActiveCfg = Debug|Any CPU
		{8A988539-FEC2-49B9-987F-9502DB0484B5}.Debug|x86.Build.0 = Debug|Any CPU
		{8A988539-FEC2-49B9-987F-9502DB0484B5}.Release|Any CPU.ActiveCfg = Release|Any CPU
		{8A988539-FEC2-49B9-987F-9502DB0484B5}.Release|Any CPU.Build.0 = Release|Any CPU
		{8A988539-FEC2-49B9-987F-9502DB0484B5}.Release|ARM.ActiveCfg = Release|Any CPU
		{8A988539-FEC2-49B9-987F-9502DB0484B5}.Release|ARM.Build.0 = Release|Any CPU
		{8A988539-FEC2-49B9-987F-9502DB0484B5}.Release|ARM64.ActiveCfg = Release|Any CPU
		{8A988539-FEC2-49B9-987F-9502DB0484B5}.Release|ARM64.Build.0 = Release|Any CPU
		{8A988539-FEC2-49B9-987F-9502DB0484B5}.Release|x64.ActiveCfg = Release|x64
		{8A988539-FEC2-49B9-987F-9502DB0484B5}.Release|x64.Build.0 = Release|x64
		{8A988539-FEC2-49B9-987F-9502DB0484B5}.Release|x86.ActiveCfg = Release|Any CPU
		{8A988539-FEC2-49B9-987F-9502DB0484B5}.Release|x86.Build.0 = Release|Any CPU
		{9F331D89-6688-436A-8D42-07B1F72E17B5}.Debug|Any CPU.ActiveCfg = Debug|Any CPU
		{9F331D89-6688-436A-8D42-07B1F72E17B5}.Debug|Any CPU.Build.0 = Debug|Any CPU
		{9F331D89-6688-436A-8D42-07B1F72E17B5}.Debug|ARM.ActiveCfg = Debug|Any CPU
		{9F331D89-6688-436A-8D42-07B1F72E17B5}.Debug|ARM.Build.0 = Debug|Any CPU
		{9F331D89-6688-436A-8D42-07B1F72E17B5}.Debug|ARM64.ActiveCfg = Debug|Any CPU
		{9F331D89-6688-436A-8D42-07B1F72E17B5}.Debug|ARM64.Build.0 = Debug|Any CPU
		{9F331D89-6688-436A-8D42-07B1F72E17B5}.Debug|x64.ActiveCfg = Debug|x64
		{9F331D89-6688-436A-8D42-07B1F72E17B5}.Debug|x64.Build.0 = Debug|x64
		{9F331D89-6688-436A-8D42-07B1F72E17B5}.Debug|x86.ActiveCfg = Debug|Any CPU
		{9F331D89-6688-436A-8D42-07B1F72E17B5}.Debug|x86.Build.0 = Debug|Any CPU
		{9F331D89-6688-436A-8D42-07B1F72E17B5}.Release|Any CPU.ActiveCfg = Release|Any CPU
		{9F331D89-6688-436A-8D42-07B1F72E17B5}.Release|Any CPU.Build.0 = Release|Any CPU
		{9F331D89-6688-436A-8D42-07B1F72E17B5}.Release|ARM.ActiveCfg = Release|Any CPU
		{9F331D89-6688-436A-8D42-07B1F72E17B5}.Release|ARM.Build.0 = Release|Any CPU
		{9F331D89-6688-436A-8D42-07B1F72E17B5}.Release|ARM64.ActiveCfg = Release|Any CPU
		{9F331D89-6688-436A-8D42-07B1F72E17B5}.Release|ARM64.Build.0 = Release|Any CPU
		{9F331D89-6688-436A-8D42-07B1F72E17B5}.Release|x64.ActiveCfg = Release|x64
		{9F331D89-6688-436A-8D42-07B1F72E17B5}.Release|x64.Build.0 = Release|x64
		{9F331D89-6688-436A-8D42-07B1F72E17B5}.Release|x86.ActiveCfg = Release|Any CPU
		{9F331D89-6688-436A-8D42-07B1F72E17B5}.Release|x86.Build.0 = Release|Any CPU
		{2F5DDFCB-ECB8-841C-80AA-B21D6F041834}.Debug|Any CPU.ActiveCfg = Debug|Any CPU
		{2F5DDFCB-ECB8-841C-80AA-B21D6F041834}.Debug|Any CPU.Build.0 = Debug|Any CPU
		{2F5DDFCB-ECB8-841C-80AA-B21D6F041834}.Debug|ARM.ActiveCfg = Debug|Any CPU
		{2F5DDFCB-ECB8-841C-80AA-B21D6F041834}.Debug|ARM.Build.0 = Debug|Any CPU
		{2F5DDFCB-ECB8-841C-80AA-B21D6F041834}.Debug|ARM64.ActiveCfg = Debug|Any CPU
		{2F5DDFCB-ECB8-841C-80AA-B21D6F041834}.Debug|ARM64.Build.0 = Debug|Any CPU
		{2F5DDFCB-ECB8-841C-80AA-B21D6F041834}.Debug|x64.ActiveCfg = Debug|x64
		{2F5DDFCB-ECB8-841C-80AA-B21D6F041834}.Debug|x64.Build.0 = Debug|x64
		{2F5DDFCB-ECB8-841C-80AA-B21D6F041834}.Debug|x86.ActiveCfg = Debug|Any CPU
		{2F5DDFCB-ECB8-841C-80AA-B21D6F041834}.Debug|x86.Build.0 = Debug|Any CPU
		{2F5DDFCB-ECB8-841C-80AA-B21D6F041834}.Release|Any CPU.ActiveCfg = Release|Any CPU
		{2F5DDFCB-ECB8-841C-80AA-B21D6F041834}.Release|Any CPU.Build.0 = Release|Any CPU
		{2F5DDFCB-ECB8-841C-80AA-B21D6F041834}.Release|ARM.ActiveCfg = Release|Any CPU
		{2F5DDFCB-ECB8-841C-80AA-B21D6F041834}.Release|ARM.Build.0 = Release|Any CPU
		{2F5DDFCB-ECB8-841C-80AA-B21D6F041834}.Release|ARM64.ActiveCfg = Release|Any CPU
		{2F5DDFCB-ECB8-841C-80AA-B21D6F041834}.Release|ARM64.Build.0 = Release|Any CPU
		{2F5DDFCB-ECB8-841C-80AA-B21D6F041834}.Release|x64.ActiveCfg = Release|x64
		{2F5DDFCB-ECB8-841C-80AA-B21D6F041834}.Release|x64.Build.0 = Release|x64
		{2F5DDFCB-ECB8-841C-80AA-B21D6F041834}.Release|x86.ActiveCfg = Release|Any CPU
		{2F5DDFCB-ECB8-841C-80AA-B21D6F041834}.Release|x86.Build.0 = Release|Any CPU
		{03F5AE7B-AB13-3461-9DEE-33A43FFD1949}.Debug|Any CPU.ActiveCfg = Debug|Any CPU
		{03F5AE7B-AB13-3461-9DEE-33A43FFD1949}.Debug|Any CPU.Build.0 = Debug|Any CPU
		{03F5AE7B-AB13-3461-9DEE-33A43FFD1949}.Debug|ARM.ActiveCfg = Debug|Any CPU
		{03F5AE7B-AB13-3461-9DEE-33A43FFD1949}.Debug|ARM.Build.0 = Debug|Any CPU
		{03F5AE7B-AB13-3461-9DEE-33A43FFD1949}.Debug|ARM64.ActiveCfg = Debug|Any CPU
		{03F5AE7B-AB13-3461-9DEE-33A43FFD1949}.Debug|ARM64.Build.0 = Debug|Any CPU
		{03F5AE7B-AB13-3461-9DEE-33A43FFD1949}.Debug|x64.ActiveCfg = Debug|x64
		{03F5AE7B-AB13-3461-9DEE-33A43FFD1949}.Debug|x64.Build.0 = Debug|x64
		{03F5AE7B-AB13-3461-9DEE-33A43FFD1949}.Debug|x86.ActiveCfg = Debug|Any CPU
		{03F5AE7B-AB13-3461-9DEE-33A43FFD1949}.Debug|x86.Build.0 = Debug|Any CPU
		{03F5AE7B-AB13-3461-9DEE-33A43FFD1949}.Release|Any CPU.ActiveCfg = Release|Any CPU
		{03F5AE7B-AB13-3461-9DEE-33A43FFD1949}.Release|Any CPU.Build.0 = Release|Any CPU
		{03F5AE7B-AB13-3461-9DEE-33A43FFD1949}.Release|ARM.ActiveCfg = Release|Any CPU
		{03F5AE7B-AB13-3461-9DEE-33A43FFD1949}.Release|ARM.Build.0 = Release|Any CPU
		{03F5AE7B-AB13-3461-9DEE-33A43FFD1949}.Release|ARM64.ActiveCfg = Release|Any CPU
		{03F5AE7B-AB13-3461-9DEE-33A43FFD1949}.Release|ARM64.Build.0 = Release|Any CPU
		{03F5AE7B-AB13-3461-9DEE-33A43FFD1949}.Release|x64.ActiveCfg = Release|x64
		{03F5AE7B-AB13-3461-9DEE-33A43FFD1949}.Release|x64.Build.0 = Release|x64
		{03F5AE7B-AB13-3461-9DEE-33A43FFD1949}.Release|x86.ActiveCfg = Release|Any CPU
		{03F5AE7B-AB13-3461-9DEE-33A43FFD1949}.Release|x86.Build.0 = Release|Any CPU
		{7E3BF92C-4C59-88E3-B0D8-1171B9C82C0A}.Debug|Any CPU.ActiveCfg = Debug|Any CPU
		{7E3BF92C-4C59-88E3-B0D8-1171B9C82C0A}.Debug|Any CPU.Build.0 = Debug|Any CPU
		{7E3BF92C-4C59-88E3-B0D8-1171B9C82C0A}.Debug|ARM.ActiveCfg = Debug|Any CPU
		{7E3BF92C-4C59-88E3-B0D8-1171B9C82C0A}.Debug|ARM.Build.0 = Debug|Any CPU
		{7E3BF92C-4C59-88E3-B0D8-1171B9C82C0A}.Debug|ARM64.ActiveCfg = Debug|Any CPU
		{7E3BF92C-4C59-88E3-B0D8-1171B9C82C0A}.Debug|ARM64.Build.0 = Debug|Any CPU
		{7E3BF92C-4C59-88E3-B0D8-1171B9C82C0A}.Debug|x64.ActiveCfg = Debug|x64
		{7E3BF92C-4C59-88E3-B0D8-1171B9C82C0A}.Debug|x64.Build.0 = Debug|x64
		{7E3BF92C-4C59-88E3-B0D8-1171B9C82C0A}.Debug|x86.ActiveCfg = Debug|Any CPU
		{7E3BF92C-4C59-88E3-B0D8-1171B9C82C0A}.Debug|x86.Build.0 = Debug|Any CPU
		{7E3BF92C-4C59-88E3-B0D8-1171B9C82C0A}.Release|Any CPU.ActiveCfg = Release|Any CPU
		{7E3BF92C-4C59-88E3-B0D8-1171B9C82C0A}.Release|Any CPU.Build.0 = Release|Any CPU
		{7E3BF92C-4C59-88E3-B0D8-1171B9C82C0A}.Release|ARM.ActiveCfg = Release|Any CPU
		{7E3BF92C-4C59-88E3-B0D8-1171B9C82C0A}.Release|ARM.Build.0 = Release|Any CPU
		{7E3BF92C-4C59-88E3-B0D8-1171B9C82C0A}.Release|ARM64.ActiveCfg = Release|Any CPU
		{7E3BF92C-4C59-88E3-B0D8-1171B9C82C0A}.Release|ARM64.Build.0 = Release|Any CPU
		{7E3BF92C-4C59-88E3-B0D8-1171B9C82C0A}.Release|x64.ActiveCfg = Release|x64
		{7E3BF92C-4C59-88E3-B0D8-1171B9C82C0A}.Release|x64.Build.0 = Release|x64
		{7E3BF92C-4C59-88E3-B0D8-1171B9C82C0A}.Release|x86.ActiveCfg = Release|Any CPU
		{7E3BF92C-4C59-88E3-B0D8-1171B9C82C0A}.Release|x86.Build.0 = Release|Any CPU
		{48FC89A6-0BC9-DA10-764A-1E71D5176FDE}.Debug|Any CPU.ActiveCfg = Debug|Any CPU
		{48FC89A6-0BC9-DA10-764A-1E71D5176FDE}.Debug|Any CPU.Build.0 = Debug|Any CPU
		{48FC89A6-0BC9-DA10-764A-1E71D5176FDE}.Debug|ARM.ActiveCfg = Debug|Any CPU
		{48FC89A6-0BC9-DA10-764A-1E71D5176FDE}.Debug|ARM.Build.0 = Debug|Any CPU
		{48FC89A6-0BC9-DA10-764A-1E71D5176FDE}.Debug|ARM64.ActiveCfg = Debug|Any CPU
		{48FC89A6-0BC9-DA10-764A-1E71D5176FDE}.Debug|ARM64.Build.0 = Debug|Any CPU
		{48FC89A6-0BC9-DA10-764A-1E71D5176FDE}.Debug|x64.ActiveCfg = Debug|x64
		{48FC89A6-0BC9-DA10-764A-1E71D5176FDE}.Debug|x64.Build.0 = Debug|x64
		{48FC89A6-0BC9-DA10-764A-1E71D5176FDE}.Debug|x86.ActiveCfg = Debug|Any CPU
		{48FC89A6-0BC9-DA10-764A-1E71D5176FDE}.Debug|x86.Build.0 = Debug|Any CPU
		{48FC89A6-0BC9-DA10-764A-1E71D5176FDE}.Release|Any CPU.ActiveCfg = Release|Any CPU
		{48FC89A6-0BC9-DA10-764A-1E71D5176FDE}.Release|Any CPU.Build.0 = Release|Any CPU
		{48FC89A6-0BC9-DA10-764A-1E71D5176FDE}.Release|ARM.ActiveCfg = Release|Any CPU
		{48FC89A6-0BC9-DA10-764A-1E71D5176FDE}.Release|ARM.Build.0 = Release|Any CPU
		{48FC89A6-0BC9-DA10-764A-1E71D5176FDE}.Release|ARM64.ActiveCfg = Release|Any CPU
		{48FC89A6-0BC9-DA10-764A-1E71D5176FDE}.Release|ARM64.Build.0 = Release|Any CPU
		{48FC89A6-0BC9-DA10-764A-1E71D5176FDE}.Release|x64.ActiveCfg = Release|x64
		{48FC89A6-0BC9-DA10-764A-1E71D5176FDE}.Release|x64.Build.0 = Release|x64
		{48FC89A6-0BC9-DA10-764A-1E71D5176FDE}.Release|x86.ActiveCfg = Release|Any CPU
		{48FC89A6-0BC9-DA10-764A-1E71D5176FDE}.Release|x86.Build.0 = Release|Any CPU
		{769C811A-72DD-4E6A-895B-B515A71A6542}.Debug|Any CPU.ActiveCfg = Debug|Any CPU
		{769C811A-72DD-4E6A-895B-B515A71A6542}.Debug|Any CPU.Build.0 = Debug|Any CPU
		{769C811A-72DD-4E6A-895B-B515A71A6542}.Debug|Any CPU.Deploy.0 = Debug|Any CPU
		{769C811A-72DD-4E6A-895B-B515A71A6542}.Debug|ARM.ActiveCfg = Debug|ARM
		{769C811A-72DD-4E6A-895B-B515A71A6542}.Debug|ARM.Build.0 = Debug|ARM
		{769C811A-72DD-4E6A-895B-B515A71A6542}.Debug|ARM.Deploy.0 = Debug|ARM
		{769C811A-72DD-4E6A-895B-B515A71A6542}.Debug|ARM64.ActiveCfg = Debug|ARM64
		{769C811A-72DD-4E6A-895B-B515A71A6542}.Debug|ARM64.Build.0 = Debug|ARM64
		{769C811A-72DD-4E6A-895B-B515A71A6542}.Debug|ARM64.Deploy.0 = Debug|ARM64
		{769C811A-72DD-4E6A-895B-B515A71A6542}.Debug|x64.ActiveCfg = Debug|x64
		{769C811A-72DD-4E6A-895B-B515A71A6542}.Debug|x64.Build.0 = Debug|x64
		{769C811A-72DD-4E6A-895B-B515A71A6542}.Debug|x64.Deploy.0 = Debug|x64
		{769C811A-72DD-4E6A-895B-B515A71A6542}.Debug|x86.ActiveCfg = Debug|x86
		{769C811A-72DD-4E6A-895B-B515A71A6542}.Debug|x86.Build.0 = Debug|x86
		{769C811A-72DD-4E6A-895B-B515A71A6542}.Debug|x86.Deploy.0 = Debug|x86
		{769C811A-72DD-4E6A-895B-B515A71A6542}.Release|Any CPU.ActiveCfg = Release|Any CPU
		{769C811A-72DD-4E6A-895B-B515A71A6542}.Release|Any CPU.Build.0 = Release|Any CPU
		{769C811A-72DD-4E6A-895B-B515A71A6542}.Release|Any CPU.Deploy.0 = Release|Any CPU
		{769C811A-72DD-4E6A-895B-B515A71A6542}.Release|ARM.ActiveCfg = Release|ARM
		{769C811A-72DD-4E6A-895B-B515A71A6542}.Release|ARM.Build.0 = Release|ARM
		{769C811A-72DD-4E6A-895B-B515A71A6542}.Release|ARM.Deploy.0 = Release|ARM
		{769C811A-72DD-4E6A-895B-B515A71A6542}.Release|ARM64.ActiveCfg = Release|ARM64
		{769C811A-72DD-4E6A-895B-B515A71A6542}.Release|ARM64.Build.0 = Release|ARM64
		{769C811A-72DD-4E6A-895B-B515A71A6542}.Release|ARM64.Deploy.0 = Release|ARM64
		{769C811A-72DD-4E6A-895B-B515A71A6542}.Release|x64.ActiveCfg = Release|x64
		{769C811A-72DD-4E6A-895B-B515A71A6542}.Release|x64.Build.0 = Release|x64
		{769C811A-72DD-4E6A-895B-B515A71A6542}.Release|x64.Deploy.0 = Release|x64
		{769C811A-72DD-4E6A-895B-B515A71A6542}.Release|x86.ActiveCfg = Release|x86
		{769C811A-72DD-4E6A-895B-B515A71A6542}.Release|x86.Build.0 = Release|x86
		{769C811A-72DD-4E6A-895B-B515A71A6542}.Release|x86.Deploy.0 = Release|x86
	EndGlobalSection
	GlobalSection(SolutionProperties) = preSolution
		HideSolutionNode = FALSE
	EndGlobalSection
	GlobalSection(ExtensibilityGlobals) = postSolution
		SolutionGuid = {601D9A66-1D97-4DF3-BF09-983D90FF755B}
	EndGlobalSection
EndGlobal
